
Microsoft Visual Studio Solution File, Format Version 12.00
# Visual Studio 2013
VisualStudioVersion = 12.0.30501.0
MinimumVisualStudioVersion = 10.0.40219.1
Project("{FAE04EC0-301F-11D3-BF4B-00C04F79EFBC}") = "Website", "Website\Website.csproj", "{A806AB64-C194-49E9-952A-0607C4B8DF42}"
EndProject
Project("{CAA73BB0-EF22-4D79-A57E-DF67B3BA9C80}") = "Sitecore.Master", "Sitecore.Master\Sitecore.Master.scproj", "{1E70DADC-FBDA-4A4F-B135-CAD7528EFB16}"
EndProject
Project("{2150E333-8FDC-42A3-9474-1A3956D46DE8}") = ".nuget", ".nuget", "{95825291-4580-495C-BE1F-597740728E3C}"
	ProjectSection(SolutionItems) = preProject
		.nuget\packages.config = .nuget\packages.config
	EndProjectSection
EndProject
Global
	GlobalSection(SolutionConfigurationPlatforms) = preSolution
		Debug|Any CPU = Debug|Any CPU
		Release|Any CPU = Release|Any CPU
	EndGlobalSection
	GlobalSection(ProjectConfigurationPlatforms) = postSolution
		{A806AB64-C194-49E9-952A-0607C4B8DF42}.Debug|Any CPU.ActiveCfg = Debug|Any CPU
		{A806AB64-C194-49E9-952A-0607C4B8DF42}.Debug|Any CPU.Build.0 = Debug|Any CPU
		{A806AB64-C194-49E9-952A-0607C4B8DF42}.Release|Any CPU.ActiveCfg = Release|Any CPU
		{A806AB64-C194-49E9-952A-0607C4B8DF42}.Release|Any CPU.Build.0 = Release|Any CPU
		{1E70DADC-FBDA-4A4F-B135-CAD7528EFB16}.Debug|Any CPU.ActiveCfg = Debug|Any CPU
		{1E70DADC-FBDA-4A4F-B135-CAD7528EFB16}.Debug|Any CPU.Build.0 = Debug|Any CPU
		{1E70DADC-FBDA-4A4F-B135-CAD7528EFB16}.Debug|Any CPU.Deploy.0 = Debug|Any CPU
		{1E70DADC-FBDA-4A4F-B135-CAD7528EFB16}.Release|Any CPU.ActiveCfg = Release|Any CPU
		{1E70DADC-FBDA-4A4F-B135-CAD7528EFB16}.Release|Any CPU.Build.0 = Release|Any CPU
		{1E70DADC-FBDA-4A4F-B135-CAD7528EFB16}.Release|Any CPU.Deploy.0 = Release|Any CPU
	EndGlobalSection
	GlobalSection(SolutionProperties) = preSolution
		HideSolutionNode = FALSE
	EndGlobalSection
EndGlobal
